
Microsoft Visual Studio Solution File, Format Version 12.00
# Visual Studio Version 17
VisualStudioVersion = 17.6.33815.320
MinimumVisualStudioVersion = 10.0.40219.1
Project("{FAE04EC0-301F-11D3-BF4B-00C04F79EFBC}") = "array list", "array list.csproj", "{BE24A92C-F8AD-4E3A-8305-52185F2399E4}"
EndProject
Global
	GlobalSection(SolutionConfigurationPlatforms) = preSolution
		Debug|Any CPU = Debug|Any CPU
		Release|Any CPU = Release|Any CPU
	EndGlobalSection
	GlobalSection(ProjectConfigurationPlatforms) = postSolution
		{BE24A92C-F8AD-4E3A-8305-52185F2399E4}.Debug|Any CPU.ActiveCfg = Debug|Any CPU
		{BE24A92C-F8AD-4E3A-8305-52185F2399E4}.Debug|Any CPU.Build.0 = Debug|Any CPU
		{BE24A92C-F8AD-4E3A-8305-52185F2399E4}.Release|Any CPU.ActiveCfg = Release|Any CPU
		{BE24A92C-F8AD-4E3A-8305-52185F2399E4}.Release|Any CPU.Build.0 = Release|Any CPU
	EndGlobalSection
	GlobalSection(SolutionProperties) = preSolution
		HideSolutionNode = FALSE
	EndGlobalSection
	GlobalSection(ExtensibilityGlobals) = postSolution
		SolutionGuid = {6EFD71CF-FED7-40B8-A049-F6F726C077CB}
	EndGlobalSection
EndGlobal
